// !$*UTF8*$!
{
	archiveVersion = 1;
	classes = {
	};
	objectVersion = 46;
	objects = {

/* Begin PBXBuildFile section */
		5BC75D361AC3BA4A00AF8415 /* main.c in Sources */ = {isa = PBXBuildFile; fileRef = 5BC75D351AC3BA4A00AF8415 /* main.c */; };
/* End PBXBuildFile section */

/* Begin PBXCopyFilesBuildPhase section */
		5BC75D301AC3BA4A00AF8415 /* CopyFiles */ = {
			isa = PBXCopyFilesBuildPhase;
			buildActionMask = 2147483647;
			dstPath = /usr/share/man/man1/;
			dstSubfolderSpec = 0;
			files = (
			);
			runOnlyForDeploymentPostprocessing = 1;
		};
/* End PBXCopyFilesBuildPhase section */

/* Begin PBXFileReference section */
		5BC75D321AC3BA4A00AF8415 /* exp_SerGenerator */ = {isa = PBXFileReference; explicitFileType = "compiled.mach-o.executable"; includeInIndex = 0; path = exp_SerGenerator; sourceTree = BUILT_PRODUCTS_DIR; };
		5BC75D351AC3BA4A00AF8415 /* main.c */ = {isa = PBXFileReference; lastKnownFileType = sourcecode.c.c; path = main.c; sourceTree = "<group>"; };
/* End PBXFileReference section */

/* Begin PBXFrameworksBuildPhase section */
		5BC75D2F1AC3BA4A00AF8415 /* Frameworks */ = {
			isa = PBXFrameworksBuildPhase;
			buildActionMask = 2147483647;
			files = (
			);
			runOnlyForDeploymentPostprocessing = 0;
		};
/* End PBXFrameworksBuildPhase section */

/* Begin PBXGroup section */
		5BC75D291AC3BA4A00AF8415 = {
			isa = PBXGroup;
			children = (
				5BC75D341AC3BA4A00AF8415 /* exp_SerGenerator */,
				5BC75D331AC3BA4A00AF8415 /* Products */,
			);
			sourceTree = "<group>";
		};
		5BC75D331AC3BA4A00AF8415 /* Products */ = {
			isa = PBXGroup;
			children = (
				5BC75D321AC3BA4A00AF8415 /* exp_SerGenerator */,
			);
			name = Products;
			sourceTree = "<group>";
		};
		5BC75D341AC3BA4A00AF8415 /* exp_SerGenerator */ = {
			isa = PBXGroup;
			children = (
				5BC75D351AC3BA4A00AF8415 /* main.c */,
			);
			path = exp_SerGenerator;
			sourceTree = "<group>";
		};
/* End PBXGroup section */

/* Begin PBXNativeTarget section */
		5BC75D311AC3BA4A00AF8415 /* exp_SerGenerator */ = {
			isa = PBXNativeTarget;
			buildConfigurationList = 5BC75D391AC3BA4A00AF8415 /* Build configuration list for PBXNativeTarget "exp_SerGenerator" */;
			buildPhases = (
				5BC75D2E1AC3BA4A00AF8415 /* Sources */,
				5BC75D2F1AC3BA4A00AF8415 /* Frameworks */,
				5BC75D301AC3BA4A00AF8415 /* CopyFiles */,
			);
			buildRules = (
			);
			dependencies = (
			);
			name = exp_SerGenerator;
			productName = exp_SerGenerator;
			productReference = 5BC75D321AC3BA4A00AF8415 /* exp_SerGenerator */;
			productType = "com.apple.product-type.tool";
		};
/* End PBXNativeTarget section */

/* Begin PBXProject section */
		5BC75D2A1AC3BA4A00AF8415 /* Project object */ = {
			isa = PBXProject;
			attributes = {
				LastUpgradeCheck = 0620;
				ORGANIZATIONNAME = "Sidi Chang";
				TargetAttributes = {
					5BC75D311AC3BA4A00AF8415 = {
						CreatedOnToolsVersion = 6.2;
					};
				};
			};
			buildConfigurationList = 5BC75D2D1AC3BA4A00AF8415 /* Build configuration list for PBXProject "exp_SerGenerator" */;
			compatibilityVersion = "Xcode 3.2";
			developmentRegion = English;
			hasScannedForEncodings = 0;
			knownRegions = (
				en,
			);
			mainGroup = 5BC75D291AC3BA4A00AF8415;
			productRefGroup = 5BC75D331AC3BA4A00AF8415 /* Products */;
			projectDirPath = "";
			projectRoot = "";
			targets = (
				5BC75D311AC3BA4A00AF8415 /* exp_SerGenerator */,
			);
		};
/* End PBXProject section */

/* Begin PBXSourcesBuildPhase section */
		5BC75D2E1AC3BA4A00AF8415 /* Sources */ = {
			isa = PBXSourcesBuildPhase;
			buildActionMask = 2147483647;
			files = (
				5BC75D361AC3BA4A00AF8415 /* main.c in Sources */,
			);
			runOnlyForDeploymentPostprocessing = 0;
		};
/* End PBXSourcesBuildPhase section */

/* Begin XCBuildConfiguration section */
		5BC75D371AC3BA4A00AF8415 /* Debug */ = {
			isa = XCBuildConfiguration;
			buildSettings = {
				ALWAYS_SEARCH_USER_PATHS = NO;
				CLANG_CXX_LANGUAGE_STANDARD = "gnu++0x";
				CLANG_CXX_LIBRARY = "libc++";
				CLANG_ENABLE_MODULES = YES;
				CLANG_ENABLE_OBJC_ARC = YES;
				CLANG_WARN_BOOL_CONVERSION = YES;
				CLANG_WARN_CONSTANT_CONVERSION = YES;
				CLANG_WARN_DIRECT_OBJC_ISA_USAGE = YES_ERROR;
				CLANG_WARN_EMPTY_BODY = YES;
				CLANG_WARN_ENUM_CONVERSION = YES;
				CLANG_WARN_INT_CONVERSION = YES;
				CLANG_WARN_OBJC_ROOT_CLASS = YES_ERROR;
				CLANG_WARN_UNREACHABLE_CODE = YES;
				CLANG_WARN__DUPLICATE_METHOD_MATCH = YES;
				COPY_PHASE_STRIP = NO;
				ENABLE_STRICT_OBJC_MSGSEND = YES;
				GCC_C_LANGUAGE_STANDARD = gnu99;
				GCC_DYNAMIC_NO_PIC = NO;
				GCC_OPTIMIZATION_LEVEL = 0;
				GCC_PREPROCESSOR_DEFINITIONS = (
					"DEBUG=1",
					"$(inherited)",
				);
				GCC_SYMBOLS_PRIVATE_EXTERN = NO;
				GCC_WARN_64_TO_32_BIT_CONVERSION = YES;
				GCC_WARN_ABOUT_RETURN_TYPE = YES_ERROR;
				GCC_WARN_UNDECLARED_SELECTOR = YES;
				GCC_WARN_UNINITIALIZED_AUTOS = YES_AGGRESSIVE;
				GCC_WARN_UNUSED_FUNCTION = YES;
				GCC_WARN_UNUSED_VARIABLE = YES;
				MACOSX_DEPLOYMENT_TARGET = 10.10;
				MTL_ENABLE_DEBUG_INFO = YES;
				ONLY_ACTIVE_ARCH = YES;
				SDKROOT = macosx;
			};
			name = Debug;
		};
		5BC75D381AC3BA4A00AF8415 /* Release */ = {
			isa = XCBuildConfiguration;
			buildSettings = {
				ALWAYS_SEARCH_USER_PATHS = NO;
				CLANG_CXX_LANGUAGE_STANDARD = "gnu++0x";
				CLANG_CXX_LIBRARY = "libc++";
				CLANG_ENABLE_MODULES = YES;
				CLANG_ENABLE_OBJC_ARC = YES;
				CLANG_WARN_BOOL_CONVERSION = YES;
				CLANG_WARN_CONSTANT_CONVERSION = YES;
				CLANG_WARN_DIRECT_OBJC_ISA_USAGE = YES_ERROR;
				CLANG_WARN_EMPTY_BODY = YES;
				CLANG_WARN_ENUM_CONVERSION = YES;
				CLANG_WARN_INT_CONVERSION = YES;
				CLANG_WARN_OBJC_ROOT_CLASS = YES_ERROR;
				CLANG_WARN_UNREACHABLE_CODE = YES;
				CLANG_WARN__DUPLICATE_METHOD_MATCH = YES;
				COPY_PHASE_STRIP = NO;
				DEBUG_INFORMATION_FORMAT = "dwarf-with-dsym";
				ENABLE_NS_ASSERTIONS = NO;
				ENABLE_STRICT_OBJC_MSGSEND = YES;
				GCC_C_LANGUAGE_STANDARD = gnu99;
				GCC_WARN_64_TO_32_BIT_CONVERSION = YES;
				GCC_WARN_ABOUT_RETURN_TYPE = YES_ERROR;
				GCC_WARN_UNDECLARED_SELECTOR = YES;
				GCC_WARN_UNINITIALIZED_AUTOS = YES_AGGRESSIVE;
				GCC_WARN_UNUSED_FUNCTION = YES;
				GCC_WARN_UNUSED_VARIABLE = YES;
				MACOSX_DEPLOYMENT_TARGET = 10.10;
				MTL_ENABLE_DEBUG_INFO = NO;
				SDKROOT = macosx;
			};
			name = Release;
		};
		5BC75D3A1AC3BA4A00AF8415 /* Debug */ = {
			isa = XCBuildConfiguration;
			buildSettings = {
				PRODUCT_NAME = "$(TARGET_NAME)";
			};
			name = Debug;
		};
		5BC75D3B1AC3BA4A00AF8415 /* Release */ = {
			isa = XCBuildConfiguration;
			buildSettings = {
				PRODUCT_NAME = "$(TARGET_NAME)";
			};
			name = Release;
		};
/* End XCBuildConfiguration section */

/* Begin XCConfigurationList section */
		5BC75D2D1AC3BA4A00AF8415 /* Build configuration list for PBXProject "exp_SerGenerator" */ = {
			isa = XCConfigurationList;
			buildConfigurations = (
				5BC75D371AC3BA4A00AF8415 /* Debug */,
				5BC75D381AC3BA4A00AF8415 /* Release */,
			);
			defaultConfigurationIsVisible = 0;
			defaultConfigurationName = Release;
		};
		5BC75D391AC3BA4A00AF8415 /* Build configuration list for PBXNativeTarget "exp_SerGenerator" */ = {
			isa = XCConfigurationList;
			buildConfigurations = (
				5BC75D3A1AC3BA4A00AF8415 /* Debug */,
				5BC75D3B1AC3BA4A00AF8415 /* Release */,
			);
			defaultConfigurationIsVisible = 0;
		};
/* End XCConfigurationList section */
	};
	rootObject = 5BC75D2A1AC3BA4A00AF8415 /* Project object */;
}
